{
  "name": "Booking System",
  "lockfileVersion": 3,
  "requires": true,
  "packages": {
    "": {
      "dependencies": {
        "@syncfusion/ej2-react-calendars": "^29.2.10",
        "@tailwindcss/forms": "^0.5.10",
        "react-icons": "^5.5.0"
      }
    },
    "node_modules/@syncfusion/ej2-base": {
      "version": "29.2.4",
      "resolved": "https://registry.npmjs.org/@syncfusion/ej2-base/-/ej2-base-29.2.4.tgz",
      "integrity": "sha512-ka+ClGOvb4RzyPq5sveOO8TUMjIvSOBwExnbOG47YwMrC0RGJSNc6wJlhtm+6ZtmHx457oyH7c/WEj5wfV2B4w==",
      "dependencies": {
        "@syncfusion/ej2-icons": "~29.2.4"
      },
      "bin": {
        "syncfusion-license": "bin/syncfusion-license.js"
      }
    },
    "node_modules/@syncfusion/ej2-buttons": {
      "version": "29.2.5",
      "resolved": "https://registry.npmjs.org/@syncfusion/ej2-buttons/-/ej2-buttons-29.2.5.tgz",
      "integrity": "sha512-FbMi9rUi/7i8mpPA6KRaO7qW/3wIeH759u2/Ag0iMQUEdtdK7NvOCSFF29WESeBjW6GmEJ8zkW0340ymgXZruQ==",
      "dependencies": {
        "@syncfusion/ej2-base": "~29.2.4"
      }
    },
    "node_modules/@syncfusion/ej2-calendars": {
      "version": "29.2.10",
      "resolved": "https://registry.npmjs.org/@syncfusion/ej2-calendars/-/ej2-calendars-29.2.10.tgz",
      "integrity": "sha512-zGmepghlSrdxMvLo+1H2ChqKMW9pK3XKHEPpcappkkgbTfySob98MH2ztHbanILlTG3wVXowYOgm5Zxha9uaPA==",
      "dependencies": {
        "@syncfusion/ej2-base": "~29.2.4",
        "@syncfusion/ej2-buttons": "~29.2.5",
        "@syncfusion/ej2-inputs": "~29.2.5",
        "@syncfusion/ej2-lists": "~29.2.4",
        "@syncfusion/ej2-popups": "~29.2.8"
      }
    },
    "node_modules/@syncfusion/ej2-data": {
      "version": "29.2.4",
      "resolved": "https://registry.npmjs.org/@syncfusion/ej2-data/-/ej2-data-29.2.4.tgz",
      "integrity": "sha512-2R+N65OPq+yfwTXyBz7NdD8MHGoxUbJSEWGT0kNEGMiobiI4AL+hfMYEhXWXE+DqL5Pm0txA4gTXQprFXXbccg==",
      "dependencies": {
        "@syncfusion/ej2-base": "~29.2.4"
      }
    },
    "node_modules/@syncfusion/ej2-icons": {
      "version": "29.2.4",
      "resolved": "https://registry.npmjs.org/@syncfusion/ej2-icons/-/ej2-icons-29.2.4.tgz",
      "integrity": "sha512-2DYZglxLM++w0S2wB2bcr/Akk1MODdVhfFYLaLqe6mDHDRicFeTEyvnGPx2SHS2EXXlNNFm2GfNWoNNxgs5MhQ=="
    },
    "node_modules/@syncfusion/ej2-inputs": {
      "version": "29.2.5",
      "resolved": "https://registry.npmjs.org/@syncfusion/ej2-inputs/-/ej2-inputs-29.2.5.tgz",
      "integrity": "sha512-3ZqMl005qL0tENHcKvBfKUHMYQ/S0FRYjUDQVDPRsg28tE0Lz87oyamrxLYne3zDBEJ7kxWWnaNpgrTVvxsVNw==",
      "dependencies": {
        "@syncfusion/ej2-base": "~29.2.4",
        "@syncfusion/ej2-buttons": "~29.2.5",
        "@syncfusion/ej2-popups": "~29.2.4",
        "@syncfusion/ej2-splitbuttons": "~29.2.4"
      }
    },
    "node_modules/@syncfusion/ej2-lists": {
      "version": "29.2.4",
      "resolved": "https://registry.npmjs.org/@syncfusion/ej2-lists/-/ej2-lists-29.2.4.tgz",
      "integrity": "sha512-U64nGdZMjnhHG/+YCTF+WhJ3BoUxFyN2DXxv2qlC+wtayMbfioDRwqSQgxTkH8XE4TgrkRFenRtj5SbYLKliSw==",
      "dependencies": {
        "@syncfusion/ej2-base": "~29.2.4",
        "@syncfusion/ej2-buttons": "~29.2.4",
        "@syncfusion/ej2-data": "~29.2.4",
        "@syncfusion/ej2-popups": "~29.2.4"
      }
    },
    "node_modules/@syncfusion/ej2-popups": {
      "version": "29.2.8",
      "resolved": "https://registry.npmjs.org/@syncfusion/ej2-popups/-/ej2-popups-29.2.8.tgz",
      "integrity": "sha512-LsXfTiFd6dyoE8XIxFOgC24TeQCqgLdjp3VOg0tWvyuWiZ/skH2sBlF2Y1CWqNJS07OKhtcjLY1h446RTBlalQ==",
      "dependencies": {
        "@syncfusion/ej2-base": "~29.2.4",
        "@syncfusion/ej2-buttons": "~29.2.5"
      }
    },
    "node_modules/@syncfusion/ej2-react-base": {
      "version": "29.2.4",
      "resolved": "https://registry.npmjs.org/@syncfusion/ej2-react-base/-/ej2-react-base-29.2.4.tgz",
      "integrity": "sha512-Yri3M0IU6JJyrdLi+r7Ai1cejRwvOkqTxpZ/TG6gqcf2jaisvbATq0SrrTYXeFsXmHGpjfg6aCUtkRoexYwmrg==",
      "dependencies": {
        "@syncfusion/ej2-base": "~29.2.4"
      }
    },
    "node_modules/@syncfusion/ej2-react-calendars": {
      "version": "29.2.10",
      "resolved": "https://registry.npmjs.org/@syncfusion/ej2-react-calendars/-/ej2-react-calendars-29.2.10.tgz",
      "integrity": "sha512-VhhlHsObWG/p/xBhiURPurB0S3uIjdED4khpL1eCIv8FKUsomzti4R7WLbzhA+bW0RaTppWnIxNxdYGBGsf2ow==",
      "dependencies": {
        "@syncfusion/ej2-base": "~29.2.4",
        "@syncfusion/ej2-calendars": "29.2.10",
        "@syncfusion/ej2-react-base": "~29.2.4"
      }
    },
    "node_modules/@syncfusion/ej2-splitbuttons": {
      "version": "29.2.4",
      "resolved": "https://registry.npmjs.org/@syncfusion/ej2-splitbuttons/-/ej2-splitbuttons-29.2.4.tgz",
      "integrity": "sha512-sZKs0IZJ6+rDK2OLRl+m5Rs1ai84GE9NV2hpDG5CPFv5uM5WoOf33qYOyp6BSuBerpobpycoXDWH/mh1fZSCDw==",
      "dependencies": {
        "@syncfusion/ej2-base": "~29.2.4",
        "@syncfusion/ej2-popups": "~29.2.4"
      }
    },
    "node_modules/@tailwindcss/forms": {
      "version": "0.5.10",
      "resolved": "https://registry.npmjs.org/@tailwindcss/forms/-/forms-0.5.10.tgz",
      "integrity": "sha512-utI1ONF6uf/pPNO68kmN1b8rEwNXv3czukalo8VtJH8ksIkZXr3Q3VYudZLkCsDd4Wku120uF02hYK25XGPorw==",
      "dependencies": {
        "mini-svg-data-uri": "^1.2.3"
      },
      "peerDependencies": {
        "tailwindcss": ">=3.0.0 || >= 3.0.0-alpha.1 || >= 4.0.0-alpha.20 || >= 4.0.0-beta.1"
      }
    },
    "node_modules/mini-svg-data-uri": {
      "version": "1.4.4",
      "resolved": "https://registry.npmjs.org/mini-svg-data-uri/-/mini-svg-data-uri-1.4.4.tgz",
      "integrity": "sha512-r9deDe9p5FJUPZAk3A59wGH7Ii9YrjjWw0jmw/liSbHl2CHiyXj6FcDXDu2K3TjVAXqiJdaw3xxwlZZr9E6nHg==",
      "bin": {
        "mini-svg-data-uri": "cli.js"
      }
    },
    "node_modules/react": {
      "version": "19.1.0",
      "resolved": "https://registry.npmjs.org/react/-/react-19.1.0.tgz",
      "integrity": "sha512-FS+XFBNvn3GTAWq26joslQgWNoFu08F4kl0J4CgdNKADkdSGXQyTCnKteIAJy96Br6YbpEU1LSzV5dYtjMkMDg==",
      "peer": true,
      "engines": {
        "node": ">=0.10.0"
      }
    },
    "node_modules/react-icons": {
      "version": "5.5.0",
      "resolved": "https://registry.npmjs.org/react-icons/-/react-icons-5.5.0.tgz",
      "integrity": "sha512-MEFcXdkP3dLo8uumGI5xN3lDFNsRtrjbOEKDLD7yv76v4wpnEq2Lt2qeHaQOr34I/wPN3s3+N08WkQ+CW37Xiw==",
      "peerDependencies": {
        "react": "*"
      }
    },
    "node_modules/tailwindcss": {
      "version": "4.1.10",
      "resolved": "https://registry.npmjs.org/tailwindcss/-/tailwindcss-4.1.10.tgz",
      "integrity": "sha512-P3nr6WkvKV/ONsTzj6Gb57sWPMX29EPNPopo7+FcpkQaNsrNpZ1pv8QmrYI2RqEKD7mlGqLnGovlcYnBK0IqUA==",
      "peer": true
    }
  }
}
